// !$*UTF8*$!
{
	archiveVersion = 1;
	classes = {
	};
	objectVersion = 77;
	objects = {

/* Begin PBXBuildFile section */
		E946E1472D09F7570041E3D9 /* Preview Assets.xcassets in Resources */ = {isa = PBXBuildFile; fileRef = E946E1412D09F7570041E3D9 /* Preview Assets.xcassets */; };
		E946E1482D09F7570041E3D9 /* Assets.xcassets in Resources */ = {isa = PBXBuildFile; fileRef = E946E1432D09F7570041E3D9 /* Assets.xcassets */; };
		E946E1492D09F7570041E3D9 /* TopTen.swift in Sources */ = {isa = PBXBuildFile; fileRef = E946E1442D09F7570041E3D9 /* TopTen.swift */; };
		E946E14A2D09F7570041E3D9 /* TopTenFavouriteThingsApp.swift in Sources */ = {isa = PBXBuildFile; fileRef = E946E1452D09F7570041E3D9 /* TopTenFavouriteThingsApp.swift */; };
		E946E14D2D09F7B40041E3D9 /* TopTenListView.swift in Sources */ = {isa = PBXBuildFile; fileRef = E946E14C2D09F7B40041E3D9 /* TopTenListView.swift */; };
		E946E1502D09F7CF0041E3D9 /* TopTenArray.swift in Sources */ = {isa = PBXBuildFile; fileRef = E946E14F2D09F7CF0041E3D9 /* TopTenArray.swift */; };
		E946E1522D0B47A50041E3D9 /* DetailedView.swift in Sources */ = {isa = PBXBuildFile; fileRef = E946E1512D0B47A50041E3D9 /* DetailedView.swift */; };
/* End PBXBuildFile section */

/* Begin PBXFileReference section */
		E946E1302D09F6130041E3D9 /* TopTenFavouriteThings.app */ = {isa = PBXFileReference; explicitFileType = wrapper.application; includeInIndex = 0; path = TopTenFavouriteThings.app; sourceTree = BUILT_PRODUCTS_DIR; };
		E946E1412D09F7570041E3D9 /* Preview Assets.xcassets */ = {isa = PBXFileReference; lastKnownFileType = folder.assetcatalog; path = "Preview Assets.xcassets"; sourceTree = "<group>"; };
		E946E1432D09F7570041E3D9 /* Assets.xcassets */ = {isa = PBXFileReference; lastKnownFileType = folder.assetcatalog; path = Assets.xcassets; sourceTree = "<group>"; };
		E946E1442D09F7570041E3D9 /* TopTen.swift */ = {isa = PBXFileReference; lastKnownFileType = sourcecode.swift; path = TopTen.swift; sourceTree = "<group>"; };
		E946E1452D09F7570041E3D9 /* TopTenFavouriteThingsApp.swift */ = {isa = PBXFileReference; lastKnownFileType = sourcecode.swift; path = TopTenFavouriteThingsApp.swift; sourceTree = "<group>"; };
		E946E14C2D09F7B40041E3D9 /* TopTenListView.swift */ = {isa = PBXFileReference; lastKnownFileType = sourcecode.swift; path = TopTenListView.swift; sourceTree = "<group>"; };
		E946E14F2D09F7CF0041E3D9 /* TopTenArray.swift */ = {isa = PBXFileReference; lastKnownFileType = sourcecode.swift; path = TopTenArray.swift; sourceTree = "<group>"; };
		E946E1512D0B47A50041E3D9 /* DetailedView.swift */ = {isa = PBXFileReference; lastKnownFileType = sourcecode.swift; path = DetailedView.swift; sourceTree = "<group>"; };
/* End PBXFileReference section */

/* Begin PBXFrameworksBuildPhase section */
		E946E12D2D09F6130041E3D9 /* Frameworks */ = {
			isa = PBXFrameworksBuildPhase;
			buildActionMask = 2147483647;
			files = (
			);
			runOnlyForDeploymentPostprocessing = 0;
		};
/* End PBXFrameworksBuildPhase section */

/* Begin PBXGroup section */
		E946E1272D09F6130041E3D9 = {
			isa = PBXGroup;
			children = (
				E946E1462D09F7570041E3D9 /* TopTenFavouriteThingsApp */,
				E946E1312D09F6130041E3D9 /* Products */,
			);
			sourceTree = "<group>";
		};
		E946E1312D09F6130041E3D9 /* Products */ = {
			isa = PBXGroup;
			children = (
				E946E1302D09F6130041E3D9 /* TopTenFavouriteThings.app */,
			);
			name = Products;
			sourceTree = "<group>";
		};
		E946E1422D09F7570041E3D9 /* Preview Content */ = {
			isa = PBXGroup;
			children = (
				E946E1412D09F7570041E3D9 /* Preview Assets.xcassets */,
			);
			path = "Preview Content";
			sourceTree = "<group>";
		};
		E946E1462D09F7570041E3D9 /* TopTenFavouriteThingsApp */ = {
			isa = PBXGroup;
			children = (
				E946E1452D09F7570041E3D9 /* TopTenFavouriteThingsApp.swift */,
				E946E14E2D09F7C00041E3D9 /* Model */,
				E946E14B2D09F75F0041E3D9 /* Views */,
				E946E1422D09F7570041E3D9 /* Preview Content */,
				E946E1432D09F7570041E3D9 /* Assets.xcassets */,
			);
			path = TopTenFavouriteThingsApp;
			sourceTree = "<group>";
		};
		E946E14B2D09F75F0041E3D9 /* Views */ = {
			isa = PBXGroup;
			children = (
				E946E1442D09F7570041E3D9 /* TopTen.swift */,
				E946E14C2D09F7B40041E3D9 /* TopTenListView.swift */,
				E946E1512D0B47A50041E3D9 /* DetailedView.swift */,
			);
			path = Views;
			sourceTree = "<group>";
		};
		E946E14E2D09F7C00041E3D9 /* Model */ = {
			isa = PBXGroup;
			children = (
				E946E14F2D09F7CF0041E3D9 /* TopTenArray.swift */,
			);
			path = Model;
			sourceTree = "<group>";
		};
/* End PBXGroup section */

/* Begin PBXNativeTarget section */
		E946E12F2D09F6130041E3D9 /* TopTenFavouriteThings */ = {
			isa = PBXNativeTarget;
			buildConfigurationList = E946E13E2D09F6160041E3D9 /* Build configuration list for PBXNativeTarget "TopTenFavouriteThings" */;
			buildPhases = (
				E946E12C2D09F6130041E3D9 /* Sources */,
				E946E12D2D09F6130041E3D9 /* Frameworks */,
				E946E12E2D09F6130041E3D9 /* Resources */,
			);
			buildRules = (
			);
			dependencies = (
			);
			name = TopTenFavouriteThings;
			packageProductDependencies = (
			);
			productName = TopTenFavouriteThings;
			productReference = E946E1302D09F6130041E3D9 /* TopTenFavouriteThings.app */;
			productType = "com.apple.product-type.application";
		};
/* End PBXNativeTarget section */

/* Begin PBXProject section */
		E946E1282D09F6130041E3D9 /* Project object */ = {
			isa = PBXProject;
			attributes = {
				BuildIndependentTargetsInParallel = 1;
				LastSwiftUpdateCheck = 1600;
				LastUpgradeCheck = 1600;
				TargetAttributes = {
					E946E12F2D09F6130041E3D9 = {
						CreatedOnToolsVersion = 16.0;
					};
				};
			};
			buildConfigurationList = E946E12B2D09F6130041E3D9 /* Build configuration list for PBXProject "TopTenFavouriteThings" */;
			developmentRegion = en;
			hasScannedForEncodings = 0;
			knownRegions = (
				en,
				Base,
			);
			mainGroup = E946E1272D09F6130041E3D9;
			minimizedProjectReferenceProxies = 1;
			preferredProjectObjectVersion = 77;
			productRefGroup = E946E1312D09F6130041E3D9 /* Products */;
			projectDirPath = "";
			projectRoot = "";
			targets = (
				E946E12F2D09F6130041E3D9 /* TopTenFavouriteThings */,
			);
		};
/* End PBXProject section */

/* Begin PBXResourcesBuildPhase section */
		E946E12E2D09F6130041E3D9 /* Resources */ = {
			isa = PBXResourcesBuildPhase;
			buildActionMask = 2147483647;
			files = (
				E946E1472D09F7570041E3D9 /* Preview Assets.xcassets in Resources */,
				E946E1482D09F7570041E3D9 /* Assets.xcassets in Resources */,
			);
			runOnlyForDeploymentPostprocessing = 0;
		};
/* End PBXResourcesBuildPhase section */

/* Begin PBXSourcesBuildPhase section */
		E946E12C2D09F6130041E3D9 /* Sources */ = {
			isa = PBXSourcesBuildPhase;
			buildActionMask = 2147483647;
			files = (
				E946E1492D09F7570041E3D9 /* TopTen.swift in Sources */,
				E946E1502D09F7CF0041E3D9 /* TopTenArray.swift in Sources */,
				E946E1522D0B47A50041E3D9 /* DetailedView.swift in Sources */,
				E946E14A2D09F7570041E3D9 /* TopTenFavouriteThingsApp.swift in Sources */,
				E946E14D2D09F7B40041E3D9 /* TopTenListView.swift in Sources */,
			);
			runOnlyForDeploymentPostprocessing = 0;
		};
/* End PBXSourcesBuildPhase section */

/* Begin XCBuildConfiguration section */
		E946E13C2D09F6160041E3D9 /* Debug */ = {
			isa = XCBuildConfiguration;
			buildSettings = {
				ALWAYS_SEARCH_USER_PATHS = NO;
				ASSETCATALOG_COMPILER_GENERATE_SWIFT_ASSET_SYMBOL_EXTENSIONS = YES;
				CLANG_ANALYZER_NONNULL = YES;
				CLANG_ANALYZER_NUMBER_OBJECT_CONVERSION = YES_AGGRESSIVE;
				CLANG_CXX_LANGUAGE_STANDARD = "gnu++20";
				CLANG_ENABLE_MODULES = YES;
				CLANG_ENABLE_OBJC_ARC = YES;
				CLANG_ENABLE_OBJC_WEAK = YES;
				CLANG_WARN_BLOCK_CAPTURE_AUTORELEASING = YES;
				CLANG_WARN_BOOL_CONVERSION = YES;
				CLANG_WARN_COMMA = YES;
				CLANG_WARN_CONSTANT_CONVERSION = YES;
				CLANG_WARN_DEPRECATED_OBJC_IMPLEMENTATIONS = YES;
				CLANG_WARN_DIRECT_OBJC_ISA_USAGE = YES_ERROR;
				CLANG_WARN_DOCUMENTATION_COMMENTS = YES;
				CLANG_WARN_EMPTY_BODY = YES;
				CLANG_WARN_ENUM_CONVERSION = YES;
				CLANG_WARN_INFINITE_RECURSION = YES;
				CLANG_WARN_INT_CONVERSION = YES;
				CLANG_WARN_NON_LITERAL_NULL_CONVERSION = YES;
				CLANG_WARN_OBJC_IMPLICIT_RETAIN_SELF = YES;
				CLANG_WARN_OBJC_LITERAL_CONVERSION = YES;
				CLANG_WARN_OBJC_ROOT_CLASS = YES_ERROR;
				CLANG_WARN_QUOTED_INCLUDE_IN_FRAMEWORK_HEADER = YES;
				CLANG_WARN_RANGE_LOOP_ANALYSIS = YES;
				CLANG_WARN_STRICT_PROTOTYPES = YES;
				CLANG_WARN_SUSPICIOUS_MOVE = YES;
				CLANG_WARN_UNGUARDED_AVAILABILITY = YES_AGGRESSIVE;
				CLANG_WARN_UNREACHABLE_CODE = YES;
				CLANG_WARN__DUPLICATE_METHOD_MATCH = YES;
				COPY_PHASE_STRIP = NO;
				DEBUG_INFORMATION_FORMAT = dwarf;
				ENABLE_STRICT_OBJC_MSGSEND = YES;
				ENABLE_TESTABILITY = YES;
				ENABLE_USER_SCRIPT_SANDBOXING = YES;
				GCC_C_LANGUAGE_STANDARD = gnu17;
				GCC_DYNAMIC_NO_PIC = NO;
				GCC_NO_COMMON_BLOCKS = YES;
				GCC_OPTIMIZATION_LEVEL = 0;
				GCC_PREPROCESSOR_DEFINITIONS = (
					"DEBUG=1",
					"$(inherited)",
				);
				GCC_WARN_64_TO_32_BIT_CONVERSION = YES;
				GCC_WARN_ABOUT_RETURN_TYPE = YES_ERROR;
				GCC_WARN_UNDECLARED_SELECTOR = YES;
				GCC_WARN_UNINITIALIZED_AUTOS = YES_AGGRESSIVE;
				GCC_WARN_UNUSED_FUNCTION = YES;
				GCC_WARN_UNUSED_VARIABLE = YES;
				IPHONEOS_DEPLOYMENT_TARGET = 18.0;
				LOCALIZATION_PREFERS_STRING_CATALOGS = YES;
				MTL_ENABLE_DEBUG_INFO = INCLUDE_SOURCE;
				MTL_FAST_MATH = YES;
				ONLY_ACTIVE_ARCH = YES;
				SDKROOT = iphoneos;
				SWIFT_ACTIVE_COMPILATION_CONDITIONS = "DEBUG $(inherited)";
				SWIFT_OPTIMIZATION_LEVEL = "-Onone";
			};
			name = Debug;
		};
		E946E13D2D09F6160041E3D9 /* Release */ = {
			isa = XCBuildConfiguration;
			buildSettings = {
				ALWAYS_SEARCH_USER_PATHS = NO;
				ASSETCATALOG_COMPILER_GENERATE_SWIFT_ASSET_SYMBOL_EXTENSIONS = YES;
				CLANG_ANALYZER_NONNULL = YES;
				CLANG_ANALYZER_NUMBER_OBJECT_CONVERSION = YES_AGGRESSIVE;
				CLANG_CXX_LANGUAGE_STANDARD = "gnu++20";
				CLANG_ENABLE_MODULES = YES;
				CLANG_ENABLE_OBJC_ARC = YES;
				CLANG_ENABLE_OBJC_WEAK = YES;
				CLANG_WARN_BLOCK_CAPTURE_AUTORELEASING = YES;
				CLANG_WARN_BOOL_CONVERSION = YES;
				CLANG_WARN_COMMA = YES;
				CLANG_WARN_CONSTANT_CONVERSION = YES;
				CLANG_WARN_DEPRECATED_OBJC_IMPLEMENTATIONS = YES;
				CLANG_WARN_DIRECT_OBJC_ISA_USAGE = YES_ERROR;
				CLANG_WARN_DOCUMENTATION_COMMENTS = YES;
				CLANG_WARN_EMPTY_BODY = YES;
				CLANG_WARN_ENUM_CONVERSION = YES;
				CLANG_WARN_INFINITE_RECURSION = YES;
				CLANG_WARN_INT_CONVERSION = YES;
				CLANG_WARN_NON_LITERAL_NULL_CONVERSION = YES;
				CLANG_WARN_OBJC_IMPLICIT_RETAIN_SELF = YES;
				CLANG_WARN_OBJC_LITERAL_CONVERSION = YES;
				CLANG_WARN_OBJC_ROOT_CLASS = YES_ERROR;
				CLANG_WARN_QUOTED_INCLUDE_IN_FRAMEWORK_HEADER = YES;
				CLANG_WARN_RANGE_LOOP_ANALYSIS = YES;
				CLANG_WARN_STRICT_PROTOTYPES = YES;
				CLANG_WARN_SUSPICIOUS_MOVE = YES;
				CLANG_WARN_UNGUARDED_AVAILABILITY = YES_AGGRESSIVE;
				CLANG_WARN_UNREACHABLE_CODE = YES;
				CLANG_WARN__DUPLICATE_METHOD_MATCH = YES;
				COPY_PHASE_STRIP = NO;
				DEBUG_INFORMATION_FORMAT = "dwarf-with-dsym";
				ENABLE_NS_ASSERTIONS = NO;
				ENABLE_STRICT_OBJC_MSGSEND = YES;
				ENABLE_USER_SCRIPT_SANDBOXING = YES;
				GCC_C_LANGUAGE_STANDARD = gnu17;
				GCC_NO_COMMON_BLOCKS = YES;
				GCC_WARN_64_TO_32_BIT_CONVERSION = YES;
				GCC_WARN_ABOUT_RETURN_TYPE = YES_ERROR;
				GCC_WARN_UNDECLARED_SELECTOR = YES;
				GCC_WARN_UNINITIALIZED_AUTOS = YES_AGGRESSIVE;
				GCC_WARN_UNUSED_FUNCTION = YES;
				GCC_WARN_UNUSED_VARIABLE = YES;
				IPHONEOS_DEPLOYMENT_TARGET = 18.0;
				LOCALIZATION_PREFERS_STRING_CATALOGS = YES;
				MTL_ENABLE_DEBUG_INFO = NO;
				MTL_FAST_MATH = YES;
				SDKROOT = iphoneos;
				SWIFT_COMPILATION_MODE = wholemodule;
				VALIDATE_PRODUCT = YES;
			};
			name = Release;
		};
		E946E13F2D09F6160041E3D9 /* Debug */ = {
			isa = XCBuildConfiguration;
			buildSettings = {
				ASSETCATALOG_COMPILER_APPICON_NAME = AppIcon;
				ASSETCATALOG_COMPILER_GLOBAL_ACCENT_COLOR_NAME = AccentColor;
				CODE_SIGN_STYLE = Automatic;
				CURRENT_PROJECT_VERSION = 1;
				DEVELOPMENT_ASSET_PATHS = "\"TopTenFavouriteThingsApp/Preview Content\"";
				DEVELOPMENT_TEAM = 4UG443984D;
				ENABLE_PREVIEWS = YES;
				GENERATE_INFOPLIST_FILE = YES;
				INFOPLIST_KEY_UIApplicationSceneManifest_Generation = YES;
				INFOPLIST_KEY_UIApplicationSupportsIndirectInputEvents = YES;
				INFOPLIST_KEY_UILaunchScreen_Generation = YES;
				INFOPLIST_KEY_UISupportedInterfaceOrientations_iPad = "UIInterfaceOrientationPortrait UIInterfaceOrientationPortraitUpsideDown UIInterfaceOrientationLandscapeLeft UIInterfaceOrientationLandscapeRight";
				INFOPLIST_KEY_UISupportedInterfaceOrientations_iPhone = "UIInterfaceOrientationPortrait UIInterfaceOrientationLandscapeLeft UIInterfaceOrientationLandscapeRight";
				LD_RUNPATH_SEARCH_PATHS = (
					"$(inherited)",
					"@executable_path/Frameworks",
				);
				MARKETING_VERSION = 1.0;
				PRODUCT_BUNDLE_IDENTIFIER = ca.thomasnoone.TopTenFavouriteThings;
				PRODUCT_NAME = "$(TARGET_NAME)";
				SWIFT_EMIT_LOC_STRINGS = YES;
				SWIFT_VERSION = 5.0;
				TARGETED_DEVICE_FAMILY = "1,2";
			};
			name = Debug;
		};
		E946E1402D09F6160041E3D9 /* Release */ = {
			isa = XCBuildConfiguration;
			buildSettings = {
				ASSETCATALOG_COMPILER_APPICON_NAME = AppIcon;
				ASSETCATALOG_COMPILER_GLOBAL_ACCENT_COLOR_NAME = AccentColor;
				CODE_SIGN_STYLE = Automatic;
				CURRENT_PROJECT_VERSION = 1;
				DEVELOPMENT_ASSET_PATHS = "\"TopTenFavouriteThingsApp/Preview Content\"";
				DEVELOPMENT_TEAM = 4UG443984D;
				ENABLE_PREVIEWS = YES;
				GENERATE_INFOPLIST_FILE = YES;
				INFOPLIST_KEY_UIApplicationSceneManifest_Generation = YES;
				INFOPLIST_KEY_UIApplicationSupportsIndirectInputEvents = YES;
				INFOPLIST_KEY_UILaunchScreen_Generation = YES;
				INFOPLIST_KEY_UISupportedInterfaceOrientations_iPad = "UIInterfaceOrientationPortrait UIInterfaceOrientationPortraitUpsideDown UIInterfaceOrientationLandscapeLeft UIInterfaceOrientationLandscapeRight";
				INFOPLIST_KEY_UISupportedInterfaceOrientations_iPhone = "UIInterfaceOrientationPortrait UIInterfaceOrientationLandscapeLeft UIInterfaceOrientationLandscapeRight";
				LD_RUNPATH_SEARCH_PATHS = (
					"$(inherited)",
					"@executable_path/Frameworks",
				);
				MARKETING_VERSION = 1.0;
				PRODUCT_BUNDLE_IDENTIFIER = ca.thomasnoone.TopTenFavouriteThings;
				PRODUCT_NAME = "$(TARGET_NAME)";
				SWIFT_EMIT_LOC_STRINGS = YES;
				SWIFT_VERSION = 5.0;
				TARGETED_DEVICE_FAMILY = "1,2";
			};
			name = Release;
		};
/* End XCBuildConfiguration section */

/* Begin XCConfigurationList section */
		E946E12B2D09F6130041E3D9 /* Build configuration list for PBXProject "TopTenFavouriteThings" */ = {
			isa = XCConfigurationList;
			buildConfigurations = (
				E946E13C2D09F6160041E3D9 /* Debug */,
				E946E13D2D09F6160041E3D9 /* Release */,
			);
			defaultConfigurationIsVisible = 0;
			defaultConfigurationName = Release;
		};
		E946E13E2D09F6160041E3D9 /* Build configuration list for PBXNativeTarget "TopTenFavouriteThings" */ = {
			isa = XCConfigurationList;
			buildConfigurations = (
				E946E13F2D09F6160041E3D9 /* Debug */,
				E946E1402D09F6160041E3D9 /* Release */,
			);
			defaultConfigurationIsVisible = 0;
			defaultConfigurationName = Release;
		};
/* End XCConfigurationList section */
	};
	rootObject = E946E1282D09F6130041E3D9 /* Project object */;
}
